
Microsoft Visual Studio Solution File, Format Version 12.00
# Visual Studio Version 16
VisualStudioVersion = 16.0.31613.86
MinimumVisualStudioVersion = 10.0.40219.1
Project("{FAE04EC0-301F-11D3-BF4B-00C04F79EFBC}") = "ContactsAPI", "ContactsAPI\ContactsAPI.csproj", "{1F0F1525-502B-4427-9ED5-EB44CA71ED8C}"
EndProject
Global
	GlobalSection(SolutionConfigurationPlatforms) = preSolution
		Debug|Any CPU = Debug|Any CPU
		Release|Any CPU = Release|Any CPU
	EndGlobalSection
	GlobalSection(ProjectConfigurationPlatforms) = postSolution
		{1F0F1525-502B-4427-9ED5-EB44CA71ED8C}.Debug|Any CPU.ActiveCfg = Debug|Any CPU
		{1F0F1525-502B-4427-9ED5-EB44CA71ED8C}.Debug|Any CPU.Build.0 = Debug|Any CPU
		{1F0F1525-502B-4427-9ED5-EB44CA71ED8C}.Release|Any CPU.ActiveCfg = Release|Any CPU
		{1F0F1525-502B-4427-9ED5-EB44CA71ED8C}.Release|Any CPU.Build.0 = Release|Any CPU
	EndGlobalSection
	GlobalSection(SolutionProperties) = preSolution
		HideSolutionNode = FALSE
	EndGlobalSection
	GlobalSection(ExtensibilityGlobals) = postSolution
		SolutionGuid = {E1ABFC93-1632-4E2D-A792-6CB4B906A16F}
	EndGlobalSection
EndGlobal
