
Microsoft Visual Studio Solution File, Format Version 12.00
# Visual Studio Version 16
VisualStudioVersion = 16.0.31702.278
MinimumVisualStudioVersion = 10.0.40219.1
Project("{9A19103F-16F7-4668-BE54-9A1E7A4F7556}") = "StepperApp", "StepperApp\StepperApp.csproj", "{C71D24E7-C463-48AF-B3FD-19D941F8FFD4}"
EndProject
Global
	GlobalSection(SolutionConfigurationPlatforms) = preSolution
		Debug|Any CPU = Debug|Any CPU
		Release|Any CPU = Release|Any CPU
	EndGlobalSection
	GlobalSection(ProjectConfigurationPlatforms) = postSolution
		{C71D24E7-C463-48AF-B3FD-19D941F8FFD4}.Debug|Any CPU.ActiveCfg = Debug|Any CPU
		{C71D24E7-C463-48AF-B3FD-19D941F8FFD4}.Debug|Any CPU.Build.0 = Debug|Any CPU
		{C71D24E7-C463-48AF-B3FD-19D941F8FFD4}.Release|Any CPU.ActiveCfg = Release|Any CPU
		{C71D24E7-C463-48AF-B3FD-19D941F8FFD4}.Release|Any CPU.Build.0 = Release|Any CPU
	EndGlobalSection
	GlobalSection(SolutionProperties) = preSolution
		HideSolutionNode = FALSE
	EndGlobalSection
	GlobalSection(ExtensibilityGlobals) = postSolution
		SolutionGuid = {2D419167-ACFE-46BF-A22B-BCC9FEDEBADC}
	EndGlobalSection
EndGlobal
